<?xml version="1.0" encoding="utf-8"?>
<Project ToolsVersion="17.0" xmlns="http://schemas.microsoft.com/developer/msbuild/2003">
  <ItemGroup>
    <CustomBuild Include="C:\Users\sdh001905\tapir-archicad-automation\archicad-addon\BuildAC29\CMakeFiles\37998a0e44c1a546df07e5a81a1a1e2a\generate.stamp.rule">
      <Filter>CMake Rules</Filter>
    </CustomBuild>
  </ItemGroup>
  <ItemGroup>
    <Filter Include="CMake Rules">
      <UniqueIdentifier>{80F24173-E1A5-32D1-8862-20708FBF80D1}</UniqueIdentifier>
    </Filter>
  </ItemGroup>
</Project>
